{
  "name": "GitHub",
  "lockfileVersion": 3,
  "requires": true,
  "packages": {
    "": {
      "dependencies": {
        "downloadjs": "^1.4.7",
        "html-to-image": "^1.11.11",
        "plotly": "^1.0.6",
        "plotly.js-dist-min": "^2.26.0"
      }
    },
    "node_modules/downloadjs": {
      "version": "1.4.7",
      "resolved": "https://registry.npmjs.org/downloadjs/-/downloadjs-1.4.7.tgz",
      "integrity": "sha512-LN1gO7+u9xjU5oEScGFKvXhYf7Y/empUIIEAGBs1LzUq/rg5duiDrkuH5A2lQGd5jfMOb9X9usDa2oVXwJ0U/Q=="
    },
    "node_modules/html-to-image": {
      "version": "1.11.11",
      "resolved": "https://registry.npmjs.org/html-to-image/-/html-to-image-1.11.11.tgz",
      "integrity": "sha512-9gux8QhvjRO/erSnDPv28noDZcPZmYE7e1vFsBLKLlRlKDSqNJYebj6Qz1TGd5lsRV+X+xYyjCKjuZdABinWjA=="
    },
    "node_modules/minimist": {
      "version": "1.2.8",
      "resolved": "https://registry.npmjs.org/minimist/-/minimist-1.2.8.tgz",
      "integrity": "sha512-2yyAR8qBkN3YuheJanUpWC5U3bb5osDywNB8RzDVlDwDHbocAJveqqj1u8+SVD7jkWT4yvsHCpWqqWqAxb0zCA==",
      "funding": {
        "url": "https://github.com/sponsors/ljharb"
      }
    },
    "node_modules/mkdirp": {
      "version": "0.5.6",
      "resolved": "https://registry.npmjs.org/mkdirp/-/mkdirp-0.5.6.tgz",
      "integrity": "sha512-FP+p8RB8OWpF3YZBCrP5gtADmtXApB5AMLn+vdyA+PyxCjrCs00mjyUozssO33cwDeT3wNGdLxJ5M//YqtHAJw==",
      "dependencies": {
        "minimist": "^1.2.6"
      },
      "bin": {
        "mkdirp": "bin/cmd.js"
      }
    },
    "node_modules/plotly": {
      "version": "1.0.6",
      "resolved": "https://registry.npmjs.org/plotly/-/plotly-1.0.6.tgz",
      "integrity": "sha512-9DoPWfLJWxqXg6omu1Oj7qkvyOce0Nv+X+2SOoI9lG9mbvA7S/qGVHypwrGMV3r53ruW1Fl1A9a7ZIPt22FrpA==",
      "dependencies": {
        "mkdirp": "~0.5.0"
      }
    },
    "node_modules/plotly.js-dist-min": {
      "version": "2.26.0",
      "resolved": "https://registry.npmjs.org/plotly.js-dist-min/-/plotly.js-dist-min-2.26.0.tgz",
      "integrity": "sha512-7NOlXIZBQ4NTYa/bedRq08BFpgTAMxKIEsJcrxv2KZEzEvrAzbW5U4IA9bgPt4QaCQq9D68egahoj+69jQ828A=="
    }
  }
}
